// !$*UTF8*$!
{
	archiveVersion = 1;
	classes = {
	};
	objectVersion = 56;
	objects = {

/* Begin PBXBuildFile section */
		1D2C6CEA2C4C975200349CAD /* LoginEmailView.swift in Sources */ = {isa = PBXBuildFile; fileRef = 1D2C6CE92C4C975200349CAD /* LoginEmailView.swift */; };
		1D2C6CEC2C4C9BC100349CAD /* RegisterEmailView.swift in Sources */ = {isa = PBXBuildFile; fileRef = 1D2C6CEB2C4C9BC100349CAD /* RegisterEmailView.swift */; };
		1D2C6CEE2C4C9FBB00349CAD /* DismissView.swift in Sources */ = {isa = PBXBuildFile; fileRef = 1D2C6CED2C4C9FBB00349CAD /* DismissView.swift */; };
		1D2C6CF12C4CA58400349CAD /* FirebaseAuth in Frameworks */ = {isa = PBXBuildFile; productRef = 1D2C6CF02C4CA58400349CAD /* FirebaseAuth */; };
		1D2C6CF62C4CA6D300349CAD /* AuthenticationFirebaseDatasource.swift in Sources */ = {isa = PBXBuildFile; fileRef = 1D2C6CF52C4CA6D300349CAD /* AuthenticationFirebaseDatasource.swift */; };
		1D2C6CF82C4CAC8400349CAD /* AuthenticationRepository.swift in Sources */ = {isa = PBXBuildFile; fileRef = 1D2C6CF72C4CAC8400349CAD /* AuthenticationRepository.swift */; };
		1D2C6CFA2C4CADC500349CAD /* AuthenticationViewModel.swift in Sources */ = {isa = PBXBuildFile; fileRef = 1D2C6CF92C4CADC500349CAD /* AuthenticationViewModel.swift */; };
		1D338C5F2C4D850F00DD46D2 /* HomeView.swift in Sources */ = {isa = PBXBuildFile; fileRef = 1D338C5E2C4D850F00DD46D2 /* HomeView.swift */; };
		1D7B2DBE2C4D81BE00EFB211 /* FirebaseFirestore in Frameworks */ = {isa = PBXBuildFile; productRef = 1D7B2DBD2C4D81BE00EFB211 /* FirebaseFirestore */; };
		1D7B2DC02C4D81E000EFB211 /* FirebaseFirestoreSwift in Frameworks */ = {isa = PBXBuildFile; productRef = 1D7B2DBF2C4D81E000EFB211 /* FirebaseFirestoreSwift */; };
		1DBBD2122C3BB87F006916FB /* TochinoApp.swift in Sources */ = {isa = PBXBuildFile; fileRef = 1DBBD2112C3BB87F006916FB /* TochinoApp.swift */; };
		1DBBD2162C3BB881006916FB /* Assets.xcassets in Resources */ = {isa = PBXBuildFile; fileRef = 1DBBD2152C3BB881006916FB /* Assets.xcassets */; };
		1DBBD2192C3BB881006916FB /* Preview Assets.xcassets in Resources */ = {isa = PBXBuildFile; fileRef = 1DBBD2182C3BB881006916FB /* Preview Assets.xcassets */; };
		1DD57BBA2C6D80D500B59283 /* Blackjack.swift in Sources */ = {isa = PBXBuildFile; fileRef = 1DD57BB92C6D80D500B59283 /* Blackjack.swift */; };
		1DEB219A2C48B54800CF92F9 /* FirebaseAnalytics in Frameworks */ = {isa = PBXBuildFile; productRef = 1DEB21992C48B54800CF92F9 /* FirebaseAnalytics */; };
		1DEB219C2C48B54800CF92F9 /* FirebaseAnalyticsOnDeviceConversion in Frameworks */ = {isa = PBXBuildFile; productRef = 1DEB219B2C48B54800CF92F9 /* FirebaseAnalyticsOnDeviceConversion */; };
		1DEB219E2C48B54800CF92F9 /* FirebaseAnalyticsSwift in Frameworks */ = {isa = PBXBuildFile; productRef = 1DEB219D2C48B54800CF92F9 /* FirebaseAnalyticsSwift */; };
		1DEB21A22C48B8FF00CF92F9 /* GoogleService-Info.plist in Resources */ = {isa = PBXBuildFile; fileRef = 1DEB21A12C48B8FF00CF92F9 /* GoogleService-Info.plist */; };
		1DEB21A42C4A0BF100CF92F9 /* Login.swift in Sources */ = {isa = PBXBuildFile; fileRef = 1DEB21A32C4A0BF100CF92F9 /* Login.swift */; };
		1DEB21A62C4A0E2700CF92F9 /* Slot.swift in Sources */ = {isa = PBXBuildFile; fileRef = 1DEB21A52C4A0E2700CF92F9 /* Slot.swift */; };
/* End PBXBuildFile section */

/* Begin PBXFileReference section */
		1D2C6CE92C4C975200349CAD /* LoginEmailView.swift */ = {isa = PBXFileReference; lastKnownFileType = sourcecode.swift; path = LoginEmailView.swift; sourceTree = "<group>"; };
		1D2C6CEB2C4C9BC100349CAD /* RegisterEmailView.swift */ = {isa = PBXFileReference; lastKnownFileType = sourcecode.swift; path = RegisterEmailView.swift; sourceTree = "<group>"; };
		1D2C6CED2C4C9FBB00349CAD /* DismissView.swift */ = {isa = PBXFileReference; lastKnownFileType = sourcecode.swift; path = DismissView.swift; sourceTree = "<group>"; };
		1D2C6CF52C4CA6D300349CAD /* AuthenticationFirebaseDatasource.swift */ = {isa = PBXFileReference; lastKnownFileType = sourcecode.swift; path = AuthenticationFirebaseDatasource.swift; sourceTree = "<group>"; };
		1D2C6CF72C4CAC8400349CAD /* AuthenticationRepository.swift */ = {isa = PBXFileReference; lastKnownFileType = sourcecode.swift; path = AuthenticationRepository.swift; sourceTree = "<group>"; };
		1D2C6CF92C4CADC500349CAD /* AuthenticationViewModel.swift */ = {isa = PBXFileReference; lastKnownFileType = sourcecode.swift; path = AuthenticationViewModel.swift; sourceTree = "<group>"; };
		1D338C5E2C4D850F00DD46D2 /* HomeView.swift */ = {isa = PBXFileReference; lastKnownFileType = sourcecode.swift; path = HomeView.swift; sourceTree = "<group>"; };
		1DBBD20E2C3BB87F006916FB /* Tochino.app */ = {isa = PBXFileReference; explicitFileType = wrapper.application; includeInIndex = 0; path = Tochino.app; sourceTree = BUILT_PRODUCTS_DIR; };
		1DBBD2112C3BB87F006916FB /* TochinoApp.swift */ = {isa = PBXFileReference; lastKnownFileType = sourcecode.swift; path = TochinoApp.swift; sourceTree = "<group>"; };
		1DBBD2152C3BB881006916FB /* Assets.xcassets */ = {isa = PBXFileReference; lastKnownFileType = folder.assetcatalog; path = Assets.xcassets; sourceTree = "<group>"; };
		1DBBD2182C3BB881006916FB /* Preview Assets.xcassets */ = {isa = PBXFileReference; lastKnownFileType = folder.assetcatalog; path = "Preview Assets.xcassets"; sourceTree = "<group>"; };
		1DD57BB92C6D80D500B59283 /* Blackjack.swift */ = {isa = PBXFileReference; lastKnownFileType = sourcecode.swift; path = Blackjack.swift; sourceTree = "<group>"; };
		1DEB21A12C48B8FF00CF92F9 /* GoogleService-Info.plist */ = {isa = PBXFileReference; fileEncoding = 4; lastKnownFileType = text.plist.xml; path = "GoogleService-Info.plist"; sourceTree = "<group>"; };
		1DEB21A32C4A0BF100CF92F9 /* Login.swift */ = {isa = PBXFileReference; lastKnownFileType = sourcecode.swift; path = Login.swift; sourceTree = "<group>"; };
		1DEB21A52C4A0E2700CF92F9 /* Slot.swift */ = {isa = PBXFileReference; lastKnownFileType = sourcecode.swift; path = Slot.swift; sourceTree = "<group>"; };
/* End PBXFileReference section */

/* Begin PBXFrameworksBuildPhase section */
		1DBBD20B2C3BB87F006916FB /* Frameworks */ = {
			isa = PBXFrameworksBuildPhase;
			buildActionMask = 2147483647;
			files = (
				1DEB219E2C48B54800CF92F9 /* FirebaseAnalyticsSwift in Frameworks */,
				1DEB219A2C48B54800CF92F9 /* FirebaseAnalytics in Frameworks */,
				1DEB219C2C48B54800CF92F9 /* FirebaseAnalyticsOnDeviceConversion in Frameworks */,
				1D7B2DBE2C4D81BE00EFB211 /* FirebaseFirestore in Frameworks */,
				1D2C6CF12C4CA58400349CAD /* FirebaseAuth in Frameworks */,
				1D7B2DC02C4D81E000EFB211 /* FirebaseFirestoreSwift in Frameworks */,
			);
			runOnlyForDeploymentPostprocessing = 0;
		};
/* End PBXFrameworksBuildPhase section */

/* Begin PBXGroup section */
		1D2C6CEF2C4CA58400349CAD /* Frameworks */ = {
			isa = PBXGroup;
			children = (
			);
			name = Frameworks;
			sourceTree = "<group>";
		};
		1D2C6CF42C4CA60400349CAD /* AuthenticationViews */ = {
			isa = PBXGroup;
			children = (
				1D2C6CE92C4C975200349CAD /* LoginEmailView.swift */,
				1D2C6CEB2C4C9BC100349CAD /* RegisterEmailView.swift */,
				1DEB21A32C4A0BF100CF92F9 /* Login.swift */,
			);
			path = AuthenticationViews;
			sourceTree = "<group>";
		};
		1DBBD2052C3BB87F006916FB = {
			isa = PBXGroup;
			children = (
				1DBBD2102C3BB87F006916FB /* Tochino */,
				1DBBD20F2C3BB87F006916FB /* Products */,
				1D2C6CEF2C4CA58400349CAD /* Frameworks */,
			);
			sourceTree = "<group>";
		};
		1DBBD20F2C3BB87F006916FB /* Products */ = {
			isa = PBXGroup;
			children = (
				1DBBD20E2C3BB87F006916FB /* Tochino.app */,
			);
			name = Products;
			sourceTree = "<group>";
		};
		1DBBD2102C3BB87F006916FB /* Tochino */ = {
			isa = PBXGroup;
			children = (
				1D2C6CF42C4CA60400349CAD /* AuthenticationViews */,
				1D2C6CED2C4C9FBB00349CAD /* DismissView.swift */,
				1DBBD2112C3BB87F006916FB /* TochinoApp.swift */,
				1D2C6CF52C4CA6D300349CAD /* AuthenticationFirebaseDatasource.swift */,
				1D2C6CF72C4CAC8400349CAD /* AuthenticationRepository.swift */,
				1D2C6CF92C4CADC500349CAD /* AuthenticationViewModel.swift */,
				1DEB21A52C4A0E2700CF92F9 /* Slot.swift */,
				1D338C5E2C4D850F00DD46D2 /* HomeView.swift */,
				1DEB21A12C48B8FF00CF92F9 /* GoogleService-Info.plist */,
				1DBBD2152C3BB881006916FB /* Assets.xcassets */,
				1DBBD2172C3BB881006916FB /* Preview Content */,
				1DD57BB92C6D80D500B59283 /* Blackjack.swift */,
			);
			path = Tochino;
			sourceTree = "<group>";
		};
		1DBBD2172C3BB881006916FB /* Preview Content */ = {
			isa = PBXGroup;
			children = (
				1DBBD2182C3BB881006916FB /* Preview Assets.xcassets */,
			);
			path = "Preview Content";
			sourceTree = "<group>";
		};
/* End PBXGroup section */

/* Begin PBXNativeTarget section */
		1DBBD20D2C3BB87F006916FB /* Tochino */ = {
			isa = PBXNativeTarget;
			buildConfigurationList = 1DBBD21C2C3BB881006916FB /* Build configuration list for PBXNativeTarget "Tochino" */;
			buildPhases = (
				1DBBD20A2C3BB87F006916FB /* Sources */,
				1DBBD20B2C3BB87F006916FB /* Frameworks */,
				1DBBD20C2C3BB87F006916FB /* Resources */,
			);
			buildRules = (
			);
			dependencies = (
			);
			name = Tochino;
			packageProductDependencies = (
				1DEB21992C48B54800CF92F9 /* FirebaseAnalytics */,
				1DEB219B2C48B54800CF92F9 /* FirebaseAnalyticsOnDeviceConversion */,
				1DEB219D2C48B54800CF92F9 /* FirebaseAnalyticsSwift */,
				1D2C6CF02C4CA58400349CAD /* FirebaseAuth */,
				1D7B2DBD2C4D81BE00EFB211 /* FirebaseFirestore */,
				1D7B2DBF2C4D81E000EFB211 /* FirebaseFirestoreSwift */,
			);
			productName = Tochino;
			productReference = 1DBBD20E2C3BB87F006916FB /* Tochino.app */;
			productType = "com.apple.product-type.application";
		};
/* End PBXNativeTarget section */

/* Begin PBXProject section */
		1DBBD2062C3BB87F006916FB /* Project object */ = {
			isa = PBXProject;
			attributes = {
				BuildIndependentTargetsInParallel = 1;
				LastSwiftUpdateCheck = 1540;
				LastUpgradeCheck = 1540;
				TargetAttributes = {
					1DBBD20D2C3BB87F006916FB = {
						CreatedOnToolsVersion = 15.4;
					};
				};
			};
			buildConfigurationList = 1DBBD2092C3BB87F006916FB /* Build configuration list for PBXProject "Tochino" */;
			compatibilityVersion = "Xcode 14.0";
			developmentRegion = en;
			hasScannedForEncodings = 0;
			knownRegions = (
				en,
				Base,
			);
			mainGroup = 1DBBD2052C3BB87F006916FB;
			packageReferences = (
				1DEB21982C48B54700CF92F9 /* XCRemoteSwiftPackageReference "firebase-ios-sdk" */,
			);
			productRefGroup = 1DBBD20F2C3BB87F006916FB /* Products */;
			projectDirPath = "";
			projectRoot = "";
			targets = (
				1DBBD20D2C3BB87F006916FB /* Tochino */,
			);
		};
/* End PBXProject section */

/* Begin PBXResourcesBuildPhase section */
		1DBBD20C2C3BB87F006916FB /* Resources */ = {
			isa = PBXResourcesBuildPhase;
			buildActionMask = 2147483647;
			files = (
				1DBBD2192C3BB881006916FB /* Preview Assets.xcassets in Resources */,
				1DEB21A22C48B8FF00CF92F9 /* GoogleService-Info.plist in Resources */,
				1DBBD2162C3BB881006916FB /* Assets.xcassets in Resources */,
			);
			runOnlyForDeploymentPostprocessing = 0;
		};
/* End PBXResourcesBuildPhase section */

/* Begin PBXSourcesBuildPhase section */
		1DBBD20A2C3BB87F006916FB /* Sources */ = {
			isa = PBXSourcesBuildPhase;
			buildActionMask = 2147483647;
			files = (
				1D2C6CEC2C4C9BC100349CAD /* RegisterEmailView.swift in Sources */,
				1D2C6CF82C4CAC8400349CAD /* AuthenticationRepository.swift in Sources */,
				1DEB21A42C4A0BF100CF92F9 /* Login.swift in Sources */,
				1D338C5F2C4D850F00DD46D2 /* HomeView.swift in Sources */,
				1DBBD2122C3BB87F006916FB /* TochinoApp.swift in Sources */,
				1DD57BBA2C6D80D500B59283 /* Blackjack.swift in Sources */,
				1DEB21A62C4A0E2700CF92F9 /* Slot.swift in Sources */,
				1D2C6CEA2C4C975200349CAD /* LoginEmailView.swift in Sources */,
				1D2C6CFA2C4CADC500349CAD /* AuthenticationViewModel.swift in Sources */,
				1D2C6CF62C4CA6D300349CAD /* AuthenticationFirebaseDatasource.swift in Sources */,
				1D2C6CEE2C4C9FBB00349CAD /* DismissView.swift in Sources */,
			);
			runOnlyForDeploymentPostprocessing = 0;
		};
/* End PBXSourcesBuildPhase section */

/* Begin XCBuildConfiguration section */
		1DBBD21A2C3BB881006916FB /* Debug */ = {
			isa = XCBuildConfiguration;
			buildSettings = {
				ALWAYS_SEARCH_USER_PATHS = NO;
				ASSETCATALOG_COMPILER_GENERATE_SWIFT_ASSET_SYMBOL_EXTENSIONS = YES;
				CLANG_ANALYZER_NONNULL = YES;
				CLANG_ANALYZER_NUMBER_OBJECT_CONVERSION = YES_AGGRESSIVE;
				CLANG_CXX_LANGUAGE_STANDARD = "gnu++20";
				CLANG_ENABLE_MODULES = YES;
				CLANG_ENABLE_OBJC_ARC = YES;
				CLANG_ENABLE_OBJC_WEAK = YES;
				CLANG_WARN_BLOCK_CAPTURE_AUTORELEASING = YES;
				CLANG_WARN_BOOL_CONVERSION = YES;
				CLANG_WARN_COMMA = YES;
				CLANG_WARN_CONSTANT_CONVERSION = YES;
				CLANG_WARN_DEPRECATED_OBJC_IMPLEMENTATIONS = YES;
				CLANG_WARN_DIRECT_OBJC_ISA_USAGE = YES_ERROR;
				CLANG_WARN_DOCUMENTATION_COMMENTS = YES;
				CLANG_WARN_EMPTY_BODY = YES;
				CLANG_WARN_ENUM_CONVERSION = YES;
				CLANG_WARN_INFINITE_RECURSION = YES;
				CLANG_WARN_INT_CONVERSION = YES;
				CLANG_WARN_NON_LITERAL_NULL_CONVERSION = YES;
				CLANG_WARN_OBJC_IMPLICIT_RETAIN_SELF = YES;
				CLANG_WARN_OBJC_LITERAL_CONVERSION = YES;
				CLANG_WARN_OBJC_ROOT_CLASS = YES_ERROR;
				CLANG_WARN_QUOTED_INCLUDE_IN_FRAMEWORK_HEADER = YES;
				CLANG_WARN_RANGE_LOOP_ANALYSIS = YES;
				CLANG_WARN_STRICT_PROTOTYPES = YES;
				CLANG_WARN_SUSPICIOUS_MOVE = YES;
				CLANG_WARN_UNGUARDED_AVAILABILITY = YES_AGGRESSIVE;
				CLANG_WARN_UNREACHABLE_CODE = YES;
				CLANG_WARN__DUPLICATE_METHOD_MATCH = YES;
				COPY_PHASE_STRIP = NO;
				DEBUG_INFORMATION_FORMAT = dwarf;
				ENABLE_STRICT_OBJC_MSGSEND = YES;
				ENABLE_TESTABILITY = YES;
				ENABLE_USER_SCRIPT_SANDBOXING = YES;
				GCC_C_LANGUAGE_STANDARD = gnu17;
				GCC_DYNAMIC_NO_PIC = NO;
				GCC_NO_COMMON_BLOCKS = YES;
				GCC_OPTIMIZATION_LEVEL = 0;
				GCC_PREPROCESSOR_DEFINITIONS = (
					"DEBUG=1",
					"$(inherited)",
				);
				GCC_WARN_64_TO_32_BIT_CONVERSION = YES;
				GCC_WARN_ABOUT_RETURN_TYPE = YES_ERROR;
				GCC_WARN_UNDECLARED_SELECTOR = YES;
				GCC_WARN_UNINITIALIZED_AUTOS = YES_AGGRESSIVE;
				GCC_WARN_UNUSED_FUNCTION = YES;
				GCC_WARN_UNUSED_VARIABLE = YES;
				IPHONEOS_DEPLOYMENT_TARGET = 17.5;
				LOCALIZATION_PREFERS_STRING_CATALOGS = YES;
				MTL_ENABLE_DEBUG_INFO = INCLUDE_SOURCE;
				MTL_FAST_MATH = YES;
				ONLY_ACTIVE_ARCH = YES;
				SDKROOT = iphoneos;
				SWIFT_ACTIVE_COMPILATION_CONDITIONS = "DEBUG $(inherited)";
				SWIFT_OPTIMIZATION_LEVEL = "-Onone";
			};
			name = Debug;
		};
		1DBBD21B2C3BB881006916FB /* Release */ = {
			isa = XCBuildConfiguration;
			buildSettings = {
				ALWAYS_SEARCH_USER_PATHS = NO;
				ASSETCATALOG_COMPILER_GENERATE_SWIFT_ASSET_SYMBOL_EXTENSIONS = YES;
				CLANG_ANALYZER_NONNULL = YES;
				CLANG_ANALYZER_NUMBER_OBJECT_CONVERSION = YES_AGGRESSIVE;
				CLANG_CXX_LANGUAGE_STANDARD = "gnu++20";
				CLANG_ENABLE_MODULES = YES;
				CLANG_ENABLE_OBJC_ARC = YES;
				CLANG_ENABLE_OBJC_WEAK = YES;
				CLANG_WARN_BLOCK_CAPTURE_AUTORELEASING = YES;
				CLANG_WARN_BOOL_CONVERSION = YES;
				CLANG_WARN_COMMA = YES;
				CLANG_WARN_CONSTANT_CONVERSION = YES;
				CLANG_WARN_DEPRECATED_OBJC_IMPLEMENTATIONS = YES;
				CLANG_WARN_DIRECT_OBJC_ISA_USAGE = YES_ERROR;
				CLANG_WARN_DOCUMENTATION_COMMENTS = YES;
				CLANG_WARN_EMPTY_BODY = YES;
				CLANG_WARN_ENUM_CONVERSION = YES;
				CLANG_WARN_INFINITE_RECURSION = YES;
				CLANG_WARN_INT_CONVERSION = YES;
				CLANG_WARN_NON_LITERAL_NULL_CONVERSION = YES;
				CLANG_WARN_OBJC_IMPLICIT_RETAIN_SELF = YES;
				CLANG_WARN_OBJC_LITERAL_CONVERSION = YES;
				CLANG_WARN_OBJC_ROOT_CLASS = YES_ERROR;
				CLANG_WARN_QUOTED_INCLUDE_IN_FRAMEWORK_HEADER = YES;
				CLANG_WARN_RANGE_LOOP_ANALYSIS = YES;
				CLANG_WARN_STRICT_PROTOTYPES = YES;
				CLANG_WARN_SUSPICIOUS_MOVE = YES;
				CLANG_WARN_UNGUARDED_AVAILABILITY = YES_AGGRESSIVE;
				CLANG_WARN_UNREACHABLE_CODE = YES;
				CLANG_WARN__DUPLICATE_METHOD_MATCH = YES;
				COPY_PHASE_STRIP = NO;
				DEBUG_INFORMATION_FORMAT = "dwarf-with-dsym";
				ENABLE_NS_ASSERTIONS = NO;
				ENABLE_STRICT_OBJC_MSGSEND = YES;
				ENABLE_USER_SCRIPT_SANDBOXING = YES;
				GCC_C_LANGUAGE_STANDARD = gnu17;
				GCC_NO_COMMON_BLOCKS = YES;
				GCC_WARN_64_TO_32_BIT_CONVERSION = YES;
				GCC_WARN_ABOUT_RETURN_TYPE = YES_ERROR;
				GCC_WARN_UNDECLARED_SELECTOR = YES;
				GCC_WARN_UNINITIALIZED_AUTOS = YES_AGGRESSIVE;
				GCC_WARN_UNUSED_FUNCTION = YES;
				GCC_WARN_UNUSED_VARIABLE = YES;
				IPHONEOS_DEPLOYMENT_TARGET = 17.5;
				LOCALIZATION_PREFERS_STRING_CATALOGS = YES;
				MTL_ENABLE_DEBUG_INFO = NO;
				MTL_FAST_MATH = YES;
				SDKROOT = iphoneos;
				SWIFT_COMPILATION_MODE = wholemodule;
				VALIDATE_PRODUCT = YES;
			};
			name = Release;
		};
		1DBBD21D2C3BB881006916FB /* Debug */ = {
			isa = XCBuildConfiguration;
			buildSettings = {
				ASSETCATALOG_COMPILER_APPICON_NAME = AppIcon;
				ASSETCATALOG_COMPILER_GLOBAL_ACCENT_COLOR_NAME = AccentColor;
				CODE_SIGN_STYLE = Automatic;
				CURRENT_PROJECT_VERSION = 1;
				DEVELOPMENT_ASSET_PATHS = "\"Tochino/Preview Content\"";
				DEVELOPMENT_TEAM = 99DMZW263B;
				ENABLE_PREVIEWS = YES;
				GENERATE_INFOPLIST_FILE = YES;
				INFOPLIST_KEY_UIApplicationSceneManifest_Generation = YES;
				INFOPLIST_KEY_UIApplicationSupportsIndirectInputEvents = YES;
				INFOPLIST_KEY_UILaunchScreen_Generation = YES;
				INFOPLIST_KEY_UISupportedInterfaceOrientations_iPad = "UIInterfaceOrientationPortrait UIInterfaceOrientationPortraitUpsideDown UIInterfaceOrientationLandscapeLeft UIInterfaceOrientationLandscapeRight";
				INFOPLIST_KEY_UISupportedInterfaceOrientations_iPhone = "UIInterfaceOrientationPortrait UIInterfaceOrientationLandscapeLeft UIInterfaceOrientationLandscapeRight";
				LD_RUNPATH_SEARCH_PATHS = (
					"$(inherited)",
					"@executable_path/Frameworks",
				);
				MARKETING_VERSION = 1.0;
				"OTHER_LDFLAGS[arch=*]" = "-ObjC";
				PRODUCT_BUNDLE_IDENTIFIER = com.Hugoide.Tochino;
				PRODUCT_NAME = "$(TARGET_NAME)";
				SWIFT_EMIT_LOC_STRINGS = YES;
				SWIFT_VERSION = 5.0;
				TARGETED_DEVICE_FAMILY = "1,2";
			};
			name = Debug;
		};
		1DBBD21E2C3BB881006916FB /* Release */ = {
			isa = XCBuildConfiguration;
			buildSettings = {
				ASSETCATALOG_COMPILER_APPICON_NAME = AppIcon;
				ASSETCATALOG_COMPILER_GLOBAL_ACCENT_COLOR_NAME = AccentColor;
				CODE_SIGN_STYLE = Automatic;
				CURRENT_PROJECT_VERSION = 1;
				DEVELOPMENT_ASSET_PATHS = "\"Tochino/Preview Content\"";
				DEVELOPMENT_TEAM = 99DMZW263B;
				ENABLE_PREVIEWS = YES;
				GENERATE_INFOPLIST_FILE = YES;
				INFOPLIST_KEY_UIApplicationSceneManifest_Generation = YES;
				INFOPLIST_KEY_UIApplicationSupportsIndirectInputEvents = YES;
				INFOPLIST_KEY_UILaunchScreen_Generation = YES;
				INFOPLIST_KEY_UISupportedInterfaceOrientations_iPad = "UIInterfaceOrientationPortrait UIInterfaceOrientationPortraitUpsideDown UIInterfaceOrientationLandscapeLeft UIInterfaceOrientationLandscapeRight";
				INFOPLIST_KEY_UISupportedInterfaceOrientations_iPhone = "UIInterfaceOrientationPortrait UIInterfaceOrientationLandscapeLeft UIInterfaceOrientationLandscapeRight";
				LD_RUNPATH_SEARCH_PATHS = (
					"$(inherited)",
					"@executable_path/Frameworks",
				);
				MARKETING_VERSION = 1.0;
				"OTHER_LDFLAGS[arch=*]" = "-ObjC";
				PRODUCT_BUNDLE_IDENTIFIER = com.Hugoide.Tochino;
				PRODUCT_NAME = "$(TARGET_NAME)";
				SWIFT_EMIT_LOC_STRINGS = YES;
				SWIFT_VERSION = 5.0;
				TARGETED_DEVICE_FAMILY = "1,2";
			};
			name = Release;
		};
/* End XCBuildConfiguration section */

/* Begin XCConfigurationList section */
		1DBBD2092C3BB87F006916FB /* Build configuration list for PBXProject "Tochino" */ = {
			isa = XCConfigurationList;
			buildConfigurations = (
				1DBBD21A2C3BB881006916FB /* Debug */,
				1DBBD21B2C3BB881006916FB /* Release */,
			);
			defaultConfigurationIsVisible = 0;
			defaultConfigurationName = Release;
		};
		1DBBD21C2C3BB881006916FB /* Build configuration list for PBXNativeTarget "Tochino" */ = {
			isa = XCConfigurationList;
			buildConfigurations = (
				1DBBD21D2C3BB881006916FB /* Debug */,
				1DBBD21E2C3BB881006916FB /* Release */,
			);
			defaultConfigurationIsVisible = 0;
			defaultConfigurationName = Release;
		};
/* End XCConfigurationList section */

/* Begin XCRemoteSwiftPackageReference section */
		1DEB21982C48B54700CF92F9 /* XCRemoteSwiftPackageReference "firebase-ios-sdk" */ = {
			isa = XCRemoteSwiftPackageReference;
			repositoryURL = "https://github.com/firebase/firebase-ios-sdk.git";
			requirement = {
				kind = upToNextMajorVersion;
				minimumVersion = 10.29.0;
			};
		};
/* End XCRemoteSwiftPackageReference section */

/* Begin XCSwiftPackageProductDependency section */
		1D2C6CF02C4CA58400349CAD /* FirebaseAuth */ = {
			isa = XCSwiftPackageProductDependency;
			package = 1DEB21982C48B54700CF92F9 /* XCRemoteSwiftPackageReference "firebase-ios-sdk" */;
			productName = FirebaseAuth;
		};
		1D7B2DBD2C4D81BE00EFB211 /* FirebaseFirestore */ = {
			isa = XCSwiftPackageProductDependency;
			package = 1DEB21982C48B54700CF92F9 /* XCRemoteSwiftPackageReference "firebase-ios-sdk" */;
			productName = FirebaseFirestore;
		};
		1D7B2DBF2C4D81E000EFB211 /* FirebaseFirestoreSwift */ = {
			isa = XCSwiftPackageProductDependency;
			package = 1DEB21982C48B54700CF92F9 /* XCRemoteSwiftPackageReference "firebase-ios-sdk" */;
			productName = FirebaseFirestoreSwift;
		};
		1DEB21992C48B54800CF92F9 /* FirebaseAnalytics */ = {
			isa = XCSwiftPackageProductDependency;
			package = 1DEB21982C48B54700CF92F9 /* XCRemoteSwiftPackageReference "firebase-ios-sdk" */;
			productName = FirebaseAnalytics;
		};
		1DEB219B2C48B54800CF92F9 /* FirebaseAnalyticsOnDeviceConversion */ = {
			isa = XCSwiftPackageProductDependency;
			package = 1DEB21982C48B54700CF92F9 /* XCRemoteSwiftPackageReference "firebase-ios-sdk" */;
			productName = FirebaseAnalyticsOnDeviceConversion;
		};
		1DEB219D2C48B54800CF92F9 /* FirebaseAnalyticsSwift */ = {
			isa = XCSwiftPackageProductDependency;
			package = 1DEB21982C48B54700CF92F9 /* XCRemoteSwiftPackageReference "firebase-ios-sdk" */;
			productName = FirebaseAnalyticsSwift;
		};
/* End XCSwiftPackageProductDependency section */
	};
	rootObject = 1DBBD2062C3BB87F006916FB /* Project object */;
}
